
Microsoft Visual Studio Solution File, Format Version 11.00
# Visual Studio 2010
Project("{54435603-DBB4-11D2-8724-00A0C9A8B90C}") = "mimicisetup", "mimicisetup\mimicisetup.vdproj", "{ED97D3FD-81A8-4E92-AC8C-E8EAAB7A037C}"
EndProject
Global
	GlobalSection(SolutionConfigurationPlatforms) = preSolution
		Debug|Default = Debug|Default
		Release|Default = Release|Default
	EndGlobalSection
	GlobalSection(ProjectConfigurationPlatforms) = postSolution
		{ED97D3FD-81A8-4E92-AC8C-E8EAAB7A037C}.Debug|Default.ActiveCfg = Debug
		{ED97D3FD-81A8-4E92-AC8C-E8EAAB7A037C}.Debug|Default.Build.0 = Debug
		{ED97D3FD-81A8-4E92-AC8C-E8EAAB7A037C}.Release|Default.ActiveCfg = Release
		{ED97D3FD-81A8-4E92-AC8C-E8EAAB7A037C}.Release|Default.Build.0 = Release
	EndGlobalSection
	GlobalSection(SolutionProperties) = preSolution
		HideSolutionNode = FALSE
	EndGlobalSection
EndGlobal
